// !$*UTF8*$!
{
	archiveVersion = 1;
	classes = {
	};
	objectVersion = 77;
	objects = {

/* Begin PBXBuildFile section */
		49E0AA4BFB398C6360758B35 /* PavementCore in Frameworks */ = {isa = PBXBuildFile; productRef = 4021A6A16F3D0879014DEF16 /* PavementCore */; };
		8A9A23836FB1E6627AAB7FA2 /* Assets.xcassets in Resources */ = {isa = PBXBuildFile; fileRef = 8EC970655B7A348364DE55C6 /* Assets.xcassets */; };
		C30E70DE67753316132E3E53 /* PavementUI in Frameworks */ = {isa = PBXBuildFile; productRef = DFC8EBB15F556B19E177A45E /* PavementUI */; };
		FF2355B54C7CF2174A90A30F /* PavementApp.swift in Sources */ = {isa = PBXBuildFile; fileRef = 43FF902304C14FC119DB6087 /* PavementApp.swift */; };
/* End PBXBuildFile section */

/* Begin PBXFileReference section */
		0D3675369C1690E869DDDB9D /* Pavement.app */ = {isa = PBXFileReference; explicitFileType = wrapper.application; includeInIndex = 0; path = Pavement.app; sourceTree = BUILT_PRODUCTS_DIR; };
		43FF902304C14FC119DB6087 /* PavementApp.swift */ = {isa = PBXFileReference; lastKnownFileType = sourcecode.swift; path = PavementApp.swift; sourceTree = "<group>"; };
		5DF089906F5A55B25E83B742 /* Pavement */ = {isa = PBXFileReference; lastKnownFileType = folder; name = Pavement; path = .; sourceTree = SOURCE_ROOT; };
		65E75438F510CF9FB177D2E0 /* Info.plist */ = {isa = PBXFileReference; lastKnownFileType = text.plist; path = Info.plist; sourceTree = "<group>"; };
		8EC970655B7A348364DE55C6 /* Assets.xcassets */ = {isa = PBXFileReference; lastKnownFileType = folder.assetcatalog; path = Assets.xcassets; sourceTree = "<group>"; };
		BE0AA7082284AC15EBBB32BE /* Pavement.entitlements */ = {isa = PBXFileReference; lastKnownFileType = text.plist.entitlements; path = Pavement.entitlements; sourceTree = "<group>"; };
/* End PBXFileReference section */

/* Begin PBXFrameworksBuildPhase section */
		4B3B8DC5EB3444FFFE7D8B06 /* Frameworks */ = {
			isa = PBXFrameworksBuildPhase;
			buildActionMask = 2147483647;
			files = (
				49E0AA4BFB398C6360758B35 /* PavementCore in Frameworks */,
				C30E70DE67753316132E3E53 /* PavementUI in Frameworks */,
			);
			runOnlyForDeploymentPostprocessing = 0;
		};
/* End PBXFrameworksBuildPhase section */

/* Begin PBXGroup section */
		54B0ECE5266B5E3F18FABE52 /* Products */ = {
			isa = PBXGroup;
			children = (
				0D3675369C1690E869DDDB9D /* Pavement.app */,
			);
			name = Products;
			sourceTree = "<group>";
		};
		B6492A5006F3DB6B1A1C99A5 = {
			isa = PBXGroup;
			children = (
				E650144B98356B087196B9FD /* Packages */,
				D146C7AF1B6123AD55BA30E8 /* Pavement */,
				54B0ECE5266B5E3F18FABE52 /* Products */,
			);
			sourceTree = "<group>";
		};
		D146C7AF1B6123AD55BA30E8 /* Pavement */ = {
			isa = PBXGroup;
			children = (
				8EC970655B7A348364DE55C6 /* Assets.xcassets */,
				65E75438F510CF9FB177D2E0 /* Info.plist */,
				BE0AA7082284AC15EBBB32BE /* Pavement.entitlements */,
				43FF902304C14FC119DB6087 /* PavementApp.swift */,
			);
			path = Pavement;
			sourceTree = "<group>";
		};
		E650144B98356B087196B9FD /* Packages */ = {
			isa = PBXGroup;
			children = (
				5DF089906F5A55B25E83B742 /* Pavement */,
			);
			name = Packages;
			sourceTree = "<group>";
		};
/* End PBXGroup section */

/* Begin PBXNativeTarget section */
		AD98897989E9E4706FBEFBF3 /* Pavement */ = {
			isa = PBXNativeTarget;
			buildConfigurationList = 06558B8389C80FB1CFDE4F77 /* Build configuration list for PBXNativeTarget "Pavement" */;
			buildPhases = (
				5D33D0BDD08BA1ABE3EA5357 /* Sources */,
				94B779096ADABB5ED3B78D79 /* Resources */,
				4B3B8DC5EB3444FFFE7D8B06 /* Frameworks */,
			);
			buildRules = (
			);
			dependencies = (
			);
			name = Pavement;
			packageProductDependencies = (
				4021A6A16F3D0879014DEF16 /* PavementCore */,
				DFC8EBB15F556B19E177A45E /* PavementUI */,
			);
			productName = Pavement;
			productReference = 0D3675369C1690E869DDDB9D /* Pavement.app */;
			productType = "com.apple.product-type.application";
		};
/* End PBXNativeTarget section */

/* Begin PBXProject section */
		8A677E517BF879F555189C7A /* Project object */ = {
			isa = PBXProject;
			attributes = {
				BuildIndependentTargetsInParallel = YES;
				LastUpgradeCheck = 1430;
				TargetAttributes = {
					AD98897989E9E4706FBEFBF3 = {
						DevelopmentTeam = "";
						ProvisioningStyle = Automatic;
					};
				};
			};
			buildConfigurationList = 768CAFB11856D7B31E7C6765 /* Build configuration list for PBXProject "Pavement" */;
			developmentRegion = en;
			hasScannedForEncodings = 0;
			knownRegions = (
				Base,
				en,
			);
			mainGroup = B6492A5006F3DB6B1A1C99A5;
			minimizedProjectReferenceProxies = 1;
			packageReferences = (
				56641AD674170005D68AB411 /* XCLocalSwiftPackageReference "." */,
			);
			preferredProjectObjectVersion = 77;
			productRefGroup = 54B0ECE5266B5E3F18FABE52 /* Products */;
			projectDirPath = "";
			projectRoot = "";
			targets = (
				AD98897989E9E4706FBEFBF3 /* Pavement */,
			);
		};
/* End PBXProject section */

/* Begin PBXResourcesBuildPhase section */
		94B779096ADABB5ED3B78D79 /* Resources */ = {
			isa = PBXResourcesBuildPhase;
			buildActionMask = 2147483647;
			files = (
				8A9A23836FB1E6627AAB7FA2 /* Assets.xcassets in Resources */,
			);
			runOnlyForDeploymentPostprocessing = 0;
		};
/* End PBXResourcesBuildPhase section */

/* Begin PBXSourcesBuildPhase section */
		5D33D0BDD08BA1ABE3EA5357 /* Sources */ = {
			isa = PBXSourcesBuildPhase;
			buildActionMask = 2147483647;
			files = (
				FF2355B54C7CF2174A90A30F /* PavementApp.swift in Sources */,
			);
			runOnlyForDeploymentPostprocessing = 0;
		};
/* End PBXSourcesBuildPhase section */

/* Begin XCBuildConfiguration section */
		6CD265B28607A19CFF8BC03A /* Release */ = {
			isa = XCBuildConfiguration;
			buildSettings = {
				ASSETCATALOG_COMPILER_APPICON_NAME = AppIcon;
				CODE_SIGN_ENTITLEMENTS = Pavement/Pavement.entitlements;
				COMBINE_HIDPI_IMAGES = YES;
				ENABLE_PREVIEWS = YES;
				INFOPLIST_FILE = Pavement/Info.plist;
				LD_RUNPATH_SEARCH_PATHS = (
					"$(inherited)",
					"@executable_path/../Frameworks",
				);
				PRODUCT_BUNDLE_IDENTIFIER = app.pavement.Pavement;
				PRODUCT_NAME = Pavement;
				SDKROOT = macosx;
				SWIFT_EMIT_LOC_STRINGS = YES;
			};
			name = Release;
		};
		800CF12BD38D6FFA19830176 /* Debug */ = {
			isa = XCBuildConfiguration;
			buildSettings = {
				ASSETCATALOG_COMPILER_APPICON_NAME = AppIcon;
				CODE_SIGN_ENTITLEMENTS = Pavement/Pavement.entitlements;
				COMBINE_HIDPI_IMAGES = YES;
				ENABLE_PREVIEWS = YES;
				INFOPLIST_FILE = Pavement/Info.plist;
				LD_RUNPATH_SEARCH_PATHS = (
					"$(inherited)",
					"@executable_path/../Frameworks",
				);
				PRODUCT_BUNDLE_IDENTIFIER = app.pavement.Pavement;
				PRODUCT_NAME = Pavement;
				SDKROOT = macosx;
				SWIFT_EMIT_LOC_STRINGS = YES;
			};
			name = Debug;
		};
		CD2D59F8808D85AA16C214BB /* Debug */ = {
			isa = XCBuildConfiguration;
			buildSettings = {
				ALWAYS_SEARCH_USER_PATHS = NO;
				CLANG_ANALYZER_NONNULL = YES;
				CLANG_ANALYZER_NUMBER_OBJECT_CONVERSION = YES_AGGRESSIVE;
				CLANG_CXX_LANGUAGE_STANDARD = "gnu++14";
				CLANG_CXX_LIBRARY = "libc++";
				CLANG_ENABLE_MODULES = YES;
				CLANG_ENABLE_OBJC_ARC = YES;
				CLANG_ENABLE_OBJC_WEAK = YES;
				CLANG_WARN_BLOCK_CAPTURE_AUTORELEASING = YES;
				CLANG_WARN_BOOL_CONVERSION = YES;
				CLANG_WARN_COMMA = YES;
				CLANG_WARN_CONSTANT_CONVERSION = YES;
				CLANG_WARN_DEPRECATED_OBJC_IMPLEMENTATIONS = YES;
				CLANG_WARN_DIRECT_OBJC_ISA_USAGE = YES_ERROR;
				CLANG_WARN_DOCUMENTATION_COMMENTS = YES;
				CLANG_WARN_EMPTY_BODY = YES;
				CLANG_WARN_ENUM_CONVERSION = YES;
				CLANG_WARN_INFINITE_RECURSION = YES;
				CLANG_WARN_INT_CONVERSION = YES;
				CLANG_WARN_NON_LITERAL_NULL_CONVERSION = YES;
				CLANG_WARN_OBJC_IMPLICIT_RETAIN_SELF = YES;
				CLANG_WARN_OBJC_LITERAL_CONVERSION = YES;
				CLANG_WARN_OBJC_ROOT_CLASS = YES_ERROR;
				CLANG_WARN_QUOTED_INCLUDE_IN_FRAMEWORK_HEADER = YES;
				CLANG_WARN_RANGE_LOOP_ANALYSIS = YES;
				CLANG_WARN_STRICT_PROTOTYPES = YES;
				CLANG_WARN_SUSPICIOUS_MOVE = YES;
				CLANG_WARN_UNGUARDED_AVAILABILITY = YES_AGGRESSIVE;
				CLANG_WARN_UNREACHABLE_CODE = YES;
				CLANG_WARN__DUPLICATE_METHOD_MATCH = YES;
				CODE_SIGN_IDENTITY = "-";
				CODE_SIGN_STYLE = Automatic;
				COPY_PHASE_STRIP = NO;
				DEBUG_INFORMATION_FORMAT = dwarf;
				DEVELOPMENT_TEAM = "";
				ENABLE_HARDENED_RUNTIME = NO;
				ENABLE_STRICT_OBJC_MSGSEND = YES;
				ENABLE_TESTABILITY = YES;
				GCC_C_LANGUAGE_STANDARD = gnu11;
				GCC_DYNAMIC_NO_PIC = NO;
				GCC_NO_COMMON_BLOCKS = YES;
				GCC_OPTIMIZATION_LEVEL = 0;
				GCC_PREPROCESSOR_DEFINITIONS = (
					"$(inherited)",
					"DEBUG=1",
				);
				GCC_WARN_64_TO_32_BIT_CONVERSION = YES;
				GCC_WARN_ABOUT_RETURN_TYPE = YES_ERROR;
				GCC_WARN_UNDECLARED_SELECTOR = YES;
				GCC_WARN_UNINITIALIZED_AUTOS = YES_AGGRESSIVE;
				GCC_WARN_UNUSED_FUNCTION = YES;
				GCC_WARN_UNUSED_VARIABLE = YES;
				MACOSX_DEPLOYMENT_TARGET = 14.0;
				MTL_ENABLE_DEBUG_INFO = INCLUDE_SOURCE;
				MTL_FAST_MATH = YES;
				ONLY_ACTIVE_ARCH = YES;
				PRODUCT_NAME = "$(TARGET_NAME)";
				SDKROOT = macosx;
				SWIFT_ACTIVE_COMPILATION_CONDITIONS = DEBUG;
				SWIFT_OPTIMIZATION_LEVEL = "-Onone";
				SWIFT_VERSION = 5.10;
			};
			name = Debug;
		};
		D559B2D0316EF6502588D8A9 /* Release */ = {
			isa = XCBuildConfiguration;
			buildSettings = {
				ALWAYS_SEARCH_USER_PATHS = NO;
				CLANG_ANALYZER_NONNULL = YES;
				CLANG_ANALYZER_NUMBER_OBJECT_CONVERSION = YES_AGGRESSIVE;
				CLANG_CXX_LANGUAGE_STANDARD = "gnu++14";
				CLANG_CXX_LIBRARY = "libc++";
				CLANG_ENABLE_MODULES = YES;
				CLANG_ENABLE_OBJC_ARC = YES;
				CLANG_ENABLE_OBJC_WEAK = YES;
				CLANG_WARN_BLOCK_CAPTURE_AUTORELEASING = YES;
				CLANG_WARN_BOOL_CONVERSION = YES;
				CLANG_WARN_COMMA = YES;
				CLANG_WARN_CONSTANT_CONVERSION = YES;
				CLANG_WARN_DEPRECATED_OBJC_IMPLEMENTATIONS = YES;
				CLANG_WARN_DIRECT_OBJC_ISA_USAGE = YES_ERROR;
				CLANG_WARN_DOCUMENTATION_COMMENTS = YES;
				CLANG_WARN_EMPTY_BODY = YES;
				CLANG_WARN_ENUM_CONVERSION = YES;
				CLANG_WARN_INFINITE_RECURSION = YES;
				CLANG_WARN_INT_CONVERSION = YES;
				CLANG_WARN_NON_LITERAL_NULL_CONVERSION = YES;
				CLANG_WARN_OBJC_IMPLICIT_RETAIN_SELF = YES;
				CLANG_WARN_OBJC_LITERAL_CONVERSION = YES;
				CLANG_WARN_OBJC_ROOT_CLASS = YES_ERROR;
				CLANG_WARN_QUOTED_INCLUDE_IN_FRAMEWORK_HEADER = YES;
				CLANG_WARN_RANGE_LOOP_ANALYSIS = YES;
				CLANG_WARN_STRICT_PROTOTYPES = YES;
				CLANG_WARN_SUSPICIOUS_MOVE = YES;
				CLANG_WARN_UNGUARDED_AVAILABILITY = YES_AGGRESSIVE;
				CLANG_WARN_UNREACHABLE_CODE = YES;
				CLANG_WARN__DUPLICATE_METHOD_MATCH = YES;
				CODE_SIGN_IDENTITY = "-";
				CODE_SIGN_STYLE = Automatic;
				COPY_PHASE_STRIP = NO;
				DEBUG_INFORMATION_FORMAT = "dwarf-with-dsym";
				DEVELOPMENT_TEAM = "";
				ENABLE_HARDENED_RUNTIME = NO;
				ENABLE_NS_ASSERTIONS = NO;
				ENABLE_STRICT_OBJC_MSGSEND = YES;
				GCC_C_LANGUAGE_STANDARD = gnu11;
				GCC_NO_COMMON_BLOCKS = YES;
				GCC_WARN_64_TO_32_BIT_CONVERSION = YES;
				GCC_WARN_ABOUT_RETURN_TYPE = YES_ERROR;
				GCC_WARN_UNDECLARED_SELECTOR = YES;
				GCC_WARN_UNINITIALIZED_AUTOS = YES_AGGRESSIVE;
				GCC_WARN_UNUSED_FUNCTION = YES;
				GCC_WARN_UNUSED_VARIABLE = YES;
				MACOSX_DEPLOYMENT_TARGET = 14.0;
				MTL_ENABLE_DEBUG_INFO = NO;
				MTL_FAST_MATH = YES;
				PRODUCT_NAME = "$(TARGET_NAME)";
				SDKROOT = macosx;
				SWIFT_COMPILATION_MODE = wholemodule;
				SWIFT_OPTIMIZATION_LEVEL = "-O";
				SWIFT_VERSION = 5.10;
			};
			name = Release;
		};
/* End XCBuildConfiguration section */

/* Begin XCConfigurationList section */
		06558B8389C80FB1CFDE4F77 /* Build configuration list for PBXNativeTarget "Pavement" */ = {
			isa = XCConfigurationList;
			buildConfigurations = (
				800CF12BD38D6FFA19830176 /* Debug */,
				6CD265B28607A19CFF8BC03A /* Release */,
			);
			defaultConfigurationIsVisible = 0;
			defaultConfigurationName = Debug;
		};
		768CAFB11856D7B31E7C6765 /* Build configuration list for PBXProject "Pavement" */ = {
			isa = XCConfigurationList;
			buildConfigurations = (
				CD2D59F8808D85AA16C214BB /* Debug */,
				D559B2D0316EF6502588D8A9 /* Release */,
			);
			defaultConfigurationIsVisible = 0;
			defaultConfigurationName = Debug;
		};
/* End XCConfigurationList section */

/* Begin XCLocalSwiftPackageReference section */
		56641AD674170005D68AB411 /* XCLocalSwiftPackageReference "." */ = {
			isa = XCLocalSwiftPackageReference;
			relativePath = .;
		};
/* End XCLocalSwiftPackageReference section */

/* Begin XCSwiftPackageProductDependency section */
		4021A6A16F3D0879014DEF16 /* PavementCore */ = {
			isa = XCSwiftPackageProductDependency;
			productName = PavementCore;
		};
		DFC8EBB15F556B19E177A45E /* PavementUI */ = {
			isa = XCSwiftPackageProductDependency;
			productName = PavementUI;
		};
/* End XCSwiftPackageProductDependency section */
	};
	rootObject = 8A677E517BF879F555189C7A /* Project object */;
}
